
Microsoft Visual Studio Solution File, Format Version 12.00
# Visual Studio Version 17
VisualStudioVersion = 17.0.32126.317
MinimumVisualStudioVersion = 10.0.40219.1
Project("{9A19103F-16F7-4668-BE54-9A1E7A4F7556}") = "TioRACLab.Terrario.Server", "Server\TioRACLab.Terrario.Server.csproj", "{1701F891-1199-4BD0-9060-3A76D1154DA6}"
EndProject
Project("{9A19103F-16F7-4668-BE54-9A1E7A4F7556}") = "TioRACLab.Terrario.Client", "Client\TioRACLab.Terrario.Client.csproj", "{B9F7C9FF-54CE-4995-80AC-BF7A35B2CF69}"
EndProject
Project("{9A19103F-16F7-4668-BE54-9A1E7A4F7556}") = "TioRACLab.Terrario.Shared", "Shared\TioRACLab.Terrario.Shared.csproj", "{DDF4DB3C-0ED3-4FA3-9BDF-4622F54AB6B3}"
EndProject
Global
	GlobalSection(SolutionConfigurationPlatforms) = preSolution
		Debug|Any CPU = Debug|Any CPU
		Release|Any CPU = Release|Any CPU
	EndGlobalSection
	GlobalSection(ProjectConfigurationPlatforms) = postSolution
		{1701F891-1199-4BD0-9060-3A76D1154DA6}.Debug|Any CPU.ActiveCfg = Debug|Any CPU
		{1701F891-1199-4BD0-9060-3A76D1154DA6}.Debug|Any CPU.Build.0 = Debug|Any CPU
		{1701F891-1199-4BD0-9060-3A76D1154DA6}.Release|Any CPU.ActiveCfg = Release|Any CPU
		{1701F891-1199-4BD0-9060-3A76D1154DA6}.Release|Any CPU.Build.0 = Release|Any CPU
		{B9F7C9FF-54CE-4995-80AC-BF7A35B2CF69}.Debug|Any CPU.ActiveCfg = Debug|Any CPU
		{B9F7C9FF-54CE-4995-80AC-BF7A35B2CF69}.Debug|Any CPU.Build.0 = Debug|Any CPU
		{B9F7C9FF-54CE-4995-80AC-BF7A35B2CF69}.Release|Any CPU.ActiveCfg = Release|Any CPU
		{B9F7C9FF-54CE-4995-80AC-BF7A35B2CF69}.Release|Any CPU.Build.0 = Release|Any CPU
		{DDF4DB3C-0ED3-4FA3-9BDF-4622F54AB6B3}.Debug|Any CPU.ActiveCfg = Debug|Any CPU
		{DDF4DB3C-0ED3-4FA3-9BDF-4622F54AB6B3}.Debug|Any CPU.Build.0 = Debug|Any CPU
		{DDF4DB3C-0ED3-4FA3-9BDF-4622F54AB6B3}.Release|Any CPU.ActiveCfg = Release|Any CPU
		{DDF4DB3C-0ED3-4FA3-9BDF-4622F54AB6B3}.Release|Any CPU.Build.0 = Release|Any CPU
	EndGlobalSection
	GlobalSection(SolutionProperties) = preSolution
		HideSolutionNode = FALSE
	EndGlobalSection
	GlobalSection(ExtensibilityGlobals) = postSolution
		SolutionGuid = {04E27110-1BD3-47E5-BFCB-93C5097EC4CD}
	EndGlobalSection
EndGlobal
